{
  "name": "bga-cli-basic",
  "version": "1.0.0",
  "lockfileVersion": 1,
  "requires": true,
  "dependencies": {
    "bga-cli-basic-lib": {
      "version": "1.0.1",
      "resolved": "https://registry.npmjs.org/bga-cli-basic-lib/-/bga-cli-basic-lib-1.0.1.tgz",
      "integrity": "sha512-Y7qydo4VXIe1lRJqpDBbJJQ1P+QHPaefcUSIuYDC2jTS0fUBEzPHTmuf+fk+R6j3r+JB0BEBS7yLRrmGvljKgA=="
    }
  }
}
