{
  "name": "@bga-note/cli-basic-cli",
  "version": "1.0.1",
  "lockfileVersion": 3,
  "requires": true,
  "packages": {
    "": {
      "name": "@bga-note/cli-basic-cli",
      "version": "1.0.1",
      "license": "ISC",
      "dependencies": {
        "@bga-note/cli-basic-lib": "^1.0.1"
      },
      "bin": {
        "cli-basic-cli": "bin/index.js"
      }
    },
    "../cli-basic-lib": {
      "name": "@bga-note/cli-basic-lib",
      "version": "1.0.1",
      "extraneous": true,
      "license": "ISC"
    },
    "node_modules/@bga-note/cli-basic-lib": {
      "version": "1.0.1",
      "resolved": "https://registry.npmjs.org/@bga-note/cli-basic-lib/-/cli-basic-lib-1.0.1.tgz",
      "integrity": "sha512-8Ou0R8rCsepd9iEyWFVOK9DaSo9sUNffvOAQnm2RNUkXeRBZk4bgg9uaLioaamJi7ZvT+n7fkkr0Z7IPSctJmA=="
    }
  }
}
