lockfileVersion: 5.4

importers:

  .:
    specifiers:
      prettier: ^2.7.1
    devDependencies:
      prettier: registry.npmmirror.com/prettier/2.7.1

  packages/package-a:
    specifiers:
      lodash: 4.17.20
    dependencies:
      lodash: registry.npmmirror.com/lodash/4.17.20

  packages/package-b:
    specifiers:
      '@monorepo-pnpm/package-a': workspace:^1.0.0
      lodash: 4.17.21
    dependencies:
      '@monorepo-pnpm/package-a': link:../package-a
      lodash: registry.npmmirror.com/lodash/4.17.21

packages:

  registry.npmmirror.com/lodash/4.17.20:
    resolution: {integrity: sha512-PlhdFcillOINfeV7Ni6oF1TAEayyZBoZ8bcshTHqOYJYlrqzRK5hagpagky5o4HfCzzd1TRkXPMFq6cKk9rGmA==, registry: https://registry.npm.taobao.org/, tarball: https://registry.npmmirror.com/lodash/-/lodash-4.17.20.tgz}
    name: lodash
    version: 4.17.20
    dev: false

  registry.npmmirror.com/lodash/4.17.21:
    resolution: {integrity: sha512-v2kDEe57lecTulaDIuNTPy3Ry4gLGJ6Z1O3vE1krgXZNrsQ+LFTGHVxVjcXPs17LhbZVGedAJv8XZ1tvj5FvSg==, registry: https://registry.npm.taobao.org/, tarball: https://registry.npmmirror.com/lodash/-/lodash-4.17.21.tgz}
    name: lodash
    version: 4.17.21
    dev: false

  registry.npmmirror.com/prettier/2.7.1:
    resolution: {integrity: sha512-ujppO+MkdPqoVINuDFDRLClm7D78qbDt0/NR+wp5FqEZOoTNAjPHWj17QRhu7geIHJfcNhRk1XVQmF8Bp3ye+g==, registry: https://registry.npm.taobao.org/, tarball: https://registry.npmmirror.com/prettier/-/prettier-2.7.1.tgz}
    name: prettier
    version: 2.7.1
    engines: {node: '>=10.13.0'}
    hasBin: true
    dev: true
